
Microsoft Visual Studio Solution File, Format Version 12.00
# Visual Studio Version 17
VisualStudioVersion = 17.8.34525.116
MinimumVisualStudioVersion = 10.0.40219.1
Project("{FAE04EC0-301F-11D3-BF4B-00C04F79EFBC}") = "UpgrayeddedSoap", "UpgrayeddedSoap\UpgrayeddedSoap.csproj", "{0426EAC4-90E3-4E71-8077-A4A03E8461B5}"
EndProject
Global
	GlobalSection(SolutionConfigurationPlatforms) = preSolution
		Debug|Any CPU = Debug|Any CPU
		Release|Any CPU = Release|Any CPU
	EndGlobalSection
	GlobalSection(ProjectConfigurationPlatforms) = postSolution
		{0426EAC4-90E3-4E71-8077-A4A03E8461B5}.Debug|Any CPU.ActiveCfg = Debug|Any CPU
		{0426EAC4-90E3-4E71-8077-A4A03E8461B5}.Debug|Any CPU.Build.0 = Debug|Any CPU
		{0426EAC4-90E3-4E71-8077-A4A03E8461B5}.Release|Any CPU.ActiveCfg = Release|Any CPU
		{0426EAC4-90E3-4E71-8077-A4A03E8461B5}.Release|Any CPU.Build.0 = Release|Any CPU
	EndGlobalSection
	GlobalSection(SolutionProperties) = preSolution
		HideSolutionNode = FALSE
	EndGlobalSection
	GlobalSection(ExtensibilityGlobals) = postSolution
		SolutionGuid = {F75C359A-9E61-4C7F-A441-CEDA2B6B7C7A}
	EndGlobalSection
EndGlobal
